
Microsoft Visual Studio Solution File, Format Version 12.00
# Visual Studio for Mac
Project("{FAE04EC0-301F-11D3-BF4B-00C04F79EFBC}") = "Assembly-CSharp", "Assembly-CSharp.csproj", "{5810E5CF-2053-528F-3668-AC98BA526752}"
EndProject
Project("{FAE04EC0-301F-11D3-BF4B-00C04F79EFBC}") = "Assembly-CSharp-Editor", "Assembly-CSharp-Editor.csproj", "{9065F141-EDDE-BE9E-965A-1B775EE94119}"
EndProject
Global
	GlobalSection(SolutionConfigurationPlatforms) = preSolution
		Debug|Any CPU = Debug|Any CPU
		Release|Any CPU = Release|Any CPU
	EndGlobalSection
	GlobalSection(ProjectConfigurationPlatforms) = postSolution
		{5810E5CF-2053-528F-3668-AC98BA526752}.Debug|Any CPU.ActiveCfg = Debug|Any CPU
		{5810E5CF-2053-528F-3668-AC98BA526752}.Debug|Any CPU.Build.0 = Debug|Any CPU
		{5810E5CF-2053-528F-3668-AC98BA526752}.Release|Any CPU.ActiveCfg = Release|Any CPU
		{5810E5CF-2053-528F-3668-AC98BA526752}.Release|Any CPU.Build.0 = Release|Any CPU
		{9065F141-EDDE-BE9E-965A-1B775EE94119}.Debug|Any CPU.ActiveCfg = Debug|Any CPU
		{9065F141-EDDE-BE9E-965A-1B775EE94119}.Debug|Any CPU.Build.0 = Debug|Any CPU
		{9065F141-EDDE-BE9E-965A-1B775EE94119}.Release|Any CPU.ActiveCfg = Release|Any CPU
		{9065F141-EDDE-BE9E-965A-1B775EE94119}.Release|Any CPU.Build.0 = Release|Any CPU
	EndGlobalSection
	GlobalSection(SolutionProperties) = preSolution
		HideSolutionNode = FALSE
	EndGlobalSection
EndGlobal
